
Microsoft Visual Studio Solution File, Format Version 12.00
# Visual Studio Version 17
VisualStudioVersion = 17.13.35919.96
MinimumVisualStudioVersion = 10.0.40219.1
Project("{FAE04EC0-301F-11D3-BF4B-00C04F79EFBC}") = "DSA", "DSA\DSA.csproj", "{53E9EBBA-89F5-4C1B-BA08-BAE0AAD6DF48}"
EndProject
Project("{FAE04EC0-301F-11D3-BF4B-00C04F79EFBC}") = "DSA.Tests", "DSA.Tests\DSA.Tests.csproj", "{2B16A140-6360-47A0-922A-7E43AF12EE6D}"
EndProject
Project("{2150E333-8FDC-42A3-9474-1A3956D46DE8}") = "Solution Items", "Solution Items", "{8EC462FD-D22E-90A8-E5CE-7E832BA40C5D}"
	ProjectSection(SolutionItems) = preProject
		README.md = README.md
	EndProjectSection
EndProject
Global
	GlobalSection(SolutionConfigurationPlatforms) = preSolution
		Debug|Any CPU = Debug|Any CPU
		Release|Any CPU = Release|Any CPU
	EndGlobalSection
	GlobalSection(ProjectConfigurationPlatforms) = postSolution
		{53E9EBBA-89F5-4C1B-BA08-BAE0AAD6DF48}.Debug|Any CPU.ActiveCfg = Debug|Any CPU
		{53E9EBBA-89F5-4C1B-BA08-BAE0AAD6DF48}.Debug|Any CPU.Build.0 = Debug|Any CPU
		{53E9EBBA-89F5-4C1B-BA08-BAE0AAD6DF48}.Release|Any CPU.ActiveCfg = Release|Any CPU
		{53E9EBBA-89F5-4C1B-BA08-BAE0AAD6DF48}.Release|Any CPU.Build.0 = Release|Any CPU
		{2B16A140-6360-47A0-922A-7E43AF12EE6D}.Debug|Any CPU.ActiveCfg = Debug|Any CPU
		{2B16A140-6360-47A0-922A-7E43AF12EE6D}.Debug|Any CPU.Build.0 = Debug|Any CPU
		{2B16A140-6360-47A0-922A-7E43AF12EE6D}.Release|Any CPU.ActiveCfg = Release|Any CPU
		{2B16A140-6360-47A0-922A-7E43AF12EE6D}.Release|Any CPU.Build.0 = Release|Any CPU
	EndGlobalSection
	GlobalSection(SolutionProperties) = preSolution
		HideSolutionNode = FALSE
	EndGlobalSection
	GlobalSection(ExtensibilityGlobals) = postSolution
		SolutionGuid = {0A00D594-36D0-4BFF-976B-B7F92E8FDC6E}
	EndGlobalSection
EndGlobal
